
Microsoft Visual Studio Solution File, Format Version 11.00
# Visual Studio 2010
Project("{FAE04EC0-301F-11D3-BF4B-00C04F79EFBC}") = "DSP", "DSP\DSP.csproj", "{617D7561-DA63-4169-B902-0451080A9405}"
EndProject
Global
	GlobalSection(SolutionConfigurationPlatforms) = preSolution
		Debug|x86 = Debug|x86
		Release|x86 = Release|x86
	EndGlobalSection
	GlobalSection(ProjectConfigurationPlatforms) = postSolution
		{617D7561-DA63-4169-B902-0451080A9405}.Debug|x86.ActiveCfg = Debug|x86
		{617D7561-DA63-4169-B902-0451080A9405}.Debug|x86.Build.0 = Debug|x86
		{617D7561-DA63-4169-B902-0451080A9405}.Release|x86.ActiveCfg = Release|x86
		{617D7561-DA63-4169-B902-0451080A9405}.Release|x86.Build.0 = Release|x86
	EndGlobalSection
	GlobalSection(SolutionProperties) = preSolution
		HideSolutionNode = FALSE
	EndGlobalSection
EndGlobal
